
Microsoft Visual Studio Solution File, Format Version 12.00
# Visual Studio Version 17
VisualStudioVersion = 17.0.32014.148
MinimumVisualStudioVersion = 10.0.40219.1
Project("{FAE04EC0-301F-11D3-BF4B-00C04F79EFBC}") = "SiteManagementAPI", "SiteManagementAPI.csproj", "{DF749BD9-6FF5-4867-AF4D-B06F412DA689}"
EndProject
Project("{FAE04EC0-301F-11D3-BF4B-00C04F79EFBC}") = "DAL", "..\DAL\DAL.csproj", "{B289A04B-F87C-4CE6-B94C-7E3C648A8B4B}"
EndProject
Project("{FAE04EC0-301F-11D3-BF4B-00C04F79EFBC}") = "EFLibCore", "..\EFLibCore\EFLibCore.csproj", "{CCFBC106-193A-4A63-91E5-DB3FB5962C23}"
EndProject
Global
	GlobalSection(SolutionConfigurationPlatforms) = preSolution
		Debug|Any CPU = Debug|Any CPU
		Release|Any CPU = Release|Any CPU
	EndGlobalSection
	GlobalSection(ProjectConfigurationPlatforms) = postSolution
		{DF749BD9-6FF5-4867-AF4D-B06F412DA689}.Debug|Any CPU.ActiveCfg = Debug|Any CPU
		{DF749BD9-6FF5-4867-AF4D-B06F412DA689}.Debug|Any CPU.Build.0 = Debug|Any CPU
		{DF749BD9-6FF5-4867-AF4D-B06F412DA689}.Release|Any CPU.ActiveCfg = Release|Any CPU
		{DF749BD9-6FF5-4867-AF4D-B06F412DA689}.Release|Any CPU.Build.0 = Release|Any CPU
		{B289A04B-F87C-4CE6-B94C-7E3C648A8B4B}.Debug|Any CPU.ActiveCfg = Debug|Any CPU
		{B289A04B-F87C-4CE6-B94C-7E3C648A8B4B}.Debug|Any CPU.Build.0 = Debug|Any CPU
		{B289A04B-F87C-4CE6-B94C-7E3C648A8B4B}.Release|Any CPU.ActiveCfg = Release|Any CPU
		{B289A04B-F87C-4CE6-B94C-7E3C648A8B4B}.Release|Any CPU.Build.0 = Release|Any CPU
		{CCFBC106-193A-4A63-91E5-DB3FB5962C23}.Debug|Any CPU.ActiveCfg = Debug|Any CPU
		{CCFBC106-193A-4A63-91E5-DB3FB5962C23}.Debug|Any CPU.Build.0 = Debug|Any CPU
		{CCFBC106-193A-4A63-91E5-DB3FB5962C23}.Release|Any CPU.ActiveCfg = Release|Any CPU
		{CCFBC106-193A-4A63-91E5-DB3FB5962C23}.Release|Any CPU.Build.0 = Release|Any CPU
	EndGlobalSection
	GlobalSection(SolutionProperties) = preSolution
		HideSolutionNode = FALSE
	EndGlobalSection
	GlobalSection(ExtensibilityGlobals) = postSolution
		SolutionGuid = {6E44B7D8-42EF-45D1-9377-6799AA106DB2}
	EndGlobalSection
EndGlobal
